
Microsoft Visual Studio Solution File, Format Version 12.00
# Visual Studio Version 17
VisualStudioVersion = 17.5.002.0
MinimumVisualStudioVersion = 10.0.40219.1
Project("{9A19103F-16F7-4668-BE54-9A1E7A4F7556}") = "Play.Inventory.Service", "Play.Inventory.Service.csproj", "{11219157-3269-4BD3-9D88-C961BD9806EE}"
EndProject
Global
	GlobalSection(SolutionConfigurationPlatforms) = preSolution
		Debug|Any CPU = Debug|Any CPU
		Release|Any CPU = Release|Any CPU
	EndGlobalSection
	GlobalSection(ProjectConfigurationPlatforms) = postSolution
		{11219157-3269-4BD3-9D88-C961BD9806EE}.Debug|Any CPU.ActiveCfg = Debug|Any CPU
		{11219157-3269-4BD3-9D88-C961BD9806EE}.Debug|Any CPU.Build.0 = Debug|Any CPU
		{11219157-3269-4BD3-9D88-C961BD9806EE}.Release|Any CPU.ActiveCfg = Release|Any CPU
		{11219157-3269-4BD3-9D88-C961BD9806EE}.Release|Any CPU.Build.0 = Release|Any CPU
	EndGlobalSection
	GlobalSection(SolutionProperties) = preSolution
		HideSolutionNode = FALSE
	EndGlobalSection
	GlobalSection(ExtensibilityGlobals) = postSolution
		SolutionGuid = {CF94C2B3-B1B2-44F6-8876-9CA5C5DEBDE6}
	EndGlobalSection
EndGlobal
