
Microsoft Visual Studio Solution File, Format Version 12.00
# Visual Studio Version 17
VisualStudioVersion = 17.5.002.0
MinimumVisualStudioVersion = 10.0.40219.1
Project("{9A19103F-16F7-4668-BE54-9A1E7A4F7556}") = "Play.Common", "Play.Common.csproj", "{AEF234A8-8FE2-47EA-9610-1AF6B02F48A0}"
EndProject
Global
	GlobalSection(SolutionConfigurationPlatforms) = preSolution
		Debug|Any CPU = Debug|Any CPU
		Release|Any CPU = Release|Any CPU
	EndGlobalSection
	GlobalSection(ProjectConfigurationPlatforms) = postSolution
		{AEF234A8-8FE2-47EA-9610-1AF6B02F48A0}.Debug|Any CPU.ActiveCfg = Debug|Any CPU
		{AEF234A8-8FE2-47EA-9610-1AF6B02F48A0}.Debug|Any CPU.Build.0 = Debug|Any CPU
		{AEF234A8-8FE2-47EA-9610-1AF6B02F48A0}.Release|Any CPU.ActiveCfg = Release|Any CPU
		{AEF234A8-8FE2-47EA-9610-1AF6B02F48A0}.Release|Any CPU.Build.0 = Release|Any CPU
	EndGlobalSection
	GlobalSection(SolutionProperties) = preSolution
		HideSolutionNode = FALSE
	EndGlobalSection
	GlobalSection(ExtensibilityGlobals) = postSolution
		SolutionGuid = {5B1E1EEF-A0F5-4252-9F66-B35EF6743B17}
	EndGlobalSection
EndGlobal
